
Microsoft Visual Studio Solution File, Format Version 12.00
# Visual Studio Version 17
VisualStudioVersion = 17.4.33110.190
MinimumVisualStudioVersion = 10.0.40219.1
Project("{FAE04EC0-301F-11D3-BF4B-00C04F79EFBC}") = "pr5", "pr5.csproj", "{ECE42AE2-4541-4C4D-8DFB-545CA710520B}"
EndProject
Global
	GlobalSection(SolutionConfigurationPlatforms) = preSolution
		Debug|Any CPU = Debug|Any CPU
		Release|Any CPU = Release|Any CPU
	EndGlobalSection
	GlobalSection(ProjectConfigurationPlatforms) = postSolution
		{ECE42AE2-4541-4C4D-8DFB-545CA710520B}.Debug|Any CPU.ActiveCfg = Debug|Any CPU
		{ECE42AE2-4541-4C4D-8DFB-545CA710520B}.Debug|Any CPU.Build.0 = Debug|Any CPU
		{ECE42AE2-4541-4C4D-8DFB-545CA710520B}.Release|Any CPU.ActiveCfg = Release|Any CPU
		{ECE42AE2-4541-4C4D-8DFB-545CA710520B}.Release|Any CPU.Build.0 = Release|Any CPU
	EndGlobalSection
	GlobalSection(SolutionProperties) = preSolution
		HideSolutionNode = FALSE
	EndGlobalSection
	GlobalSection(ExtensibilityGlobals) = postSolution
		SolutionGuid = {087DD100-2644-419A-8DED-FDAA5E4E7BEB}
	EndGlobalSection
EndGlobal
